
Microsoft Visual Studio Solution File, Format Version 11.00
# Visual Studio 2010
Project("{8BC9CEB8-8B4A-11D0-8D11-00A0C91BC942}") = "6.2_SORT_list", "6.2_SORT_list\6.2_SORT_list.vcxproj", "{B4BAEBEE-7B0D-4961-90E5-C829266377BE}"
EndProject
Global
	GlobalSection(SolutionConfigurationPlatforms) = preSolution
		Debug|Win32 = Debug|Win32
		Release|Win32 = Release|Win32
	EndGlobalSection
	GlobalSection(ProjectConfigurationPlatforms) = postSolution
		{B4BAEBEE-7B0D-4961-90E5-C829266377BE}.Debug|Win32.ActiveCfg = Debug|Win32
		{B4BAEBEE-7B0D-4961-90E5-C829266377BE}.Debug|Win32.Build.0 = Debug|Win32
		{B4BAEBEE-7B0D-4961-90E5-C829266377BE}.Release|Win32.ActiveCfg = Release|Win32
		{B4BAEBEE-7B0D-4961-90E5-C829266377BE}.Release|Win32.Build.0 = Release|Win32
	EndGlobalSection
	GlobalSection(SolutionProperties) = preSolution
		HideSolutionNode = FALSE
	EndGlobalSection
EndGlobal
